
Microsoft Visual Studio Solution File, Format Version 12.00
# Visual Studio 15
VisualStudioVersion = 15.0.27004.2002
MinimumVisualStudioVersion = 10.0.40219.1
Project("{FAE04EC0-301F-11D3-BF4B-00C04F79EFBC}") = "Macronocis.Android", "Macronocis\Macronocis.Android\Macronocis.Android.csproj", "{D3EB39F5-10B7-49EA-AA40-583CB5B8F491}"
EndProject
Project("{FAE04EC0-301F-11D3-BF4B-00C04F79EFBC}") = "Macronocis", "Macronocis\Macronocis\Macronocis.csproj", "{EFEBBB42-7EA1-4613-982D-B415B4EE58A1}"
EndProject
Project("{FAE04EC0-301F-11D3-BF4B-00C04F79EFBC}") = "Macronocis.UWP", "Macronocis\Macronocis.UWP\Macronocis.UWP.csproj", "{48AC87C5-F342-4624-BC60-301729022B68}"
EndProject
Project("{FAE04EC0-301F-11D3-BF4B-00C04F79EFBC}") = "Macronocis.iOS", "Macronocis\Macronocis.iOS\Macronocis.iOS.csproj", "{DBE40D74-BA62-49EA-A7B8-1517B376CA9D}"
EndProject
Global
	GlobalSection(SolutionConfigurationPlatforms) = preSolution
		Ad-Hoc|Any CPU = Ad-Hoc|Any CPU
		Ad-Hoc|ARM = Ad-Hoc|ARM
		Ad-Hoc|iPhone = Ad-Hoc|iPhone
		Ad-Hoc|iPhoneSimulator = Ad-Hoc|iPhoneSimulator
		Ad-Hoc|x64 = Ad-Hoc|x64
		Ad-Hoc|x86 = Ad-Hoc|x86
		AppStore|Any CPU = AppStore|Any CPU
		AppStore|ARM = AppStore|ARM
		AppStore|iPhone = AppStore|iPhone
		AppStore|iPhoneSimulator = AppStore|iPhoneSimulator
		AppStore|x64 = AppStore|x64
		AppStore|x86 = AppStore|x86
		Debug|Any CPU = Debug|Any CPU
		Debug|ARM = Debug|ARM
		Debug|iPhone = Debug|iPhone
		Debug|iPhoneSimulator = Debug|iPhoneSimulator
		Debug|x64 = Debug|x64
		Debug|x86 = Debug|x86
		Release|Any CPU = Release|Any CPU
		Release|ARM = Release|ARM
		Release|iPhone = Release|iPhone
		Release|iPhoneSimulator = Release|iPhoneSimulator
		Release|x64 = Release|x64
		Release|x86 = Release|x86
	EndGlobalSection
	GlobalSection(ProjectConfigurationPlatforms) = postSolution
		{D3EB39F5-10B7-49EA-AA40-583CB5B8F491}.Ad-Hoc|Any CPU.ActiveCfg = Release|Any CPU
		{D3EB39F5-10B7-49EA-AA40-583CB5B8F491}.Ad-Hoc|Any CPU.Build.0 = Release|Any CPU
		{D3EB39F5-10B7-49EA-AA40-583CB5B8F491}.Ad-Hoc|Any CPU.Deploy.0 = Release|Any CPU
		{D3EB39F5-10B7-49EA-AA40-583CB5B8F491}.Ad-Hoc|ARM.ActiveCfg = Release|Any CPU
		{D3EB39F5-10B7-49EA-AA40-583CB5B8F491}.Ad-Hoc|ARM.Build.0 = Release|Any CPU
		{D3EB39F5-10B7-49EA-AA40-583CB5B8F491}.Ad-Hoc|ARM.Deploy.0 = Release|Any CPU
		{D3EB39F5-10B7-49EA-AA40-583CB5B8F491}.Ad-Hoc|iPhone.ActiveCfg = Release|Any CPU
		{D3EB39F5-10B7-49EA-AA40-583CB5B8F491}.Ad-Hoc|iPhone.Build.0 = Release|Any CPU
		{D3EB39F5-10B7-49EA-AA40-583CB5B8F491}.Ad-Hoc|iPhone.Deploy.0 = Release|Any CPU
		{D3EB39F5-10B7-49EA-AA40-583CB5B8F491}.Ad-Hoc|iPhoneSimulator.ActiveCfg = Release|Any CPU
		{D3EB39F5-10B7-49EA-AA40-583CB5B8F491}.Ad-Hoc|iPhoneSimulator.Build.0 = Release|Any CPU
		{D3EB39F5-10B7-49EA-AA40-583CB5B8F491}.Ad-Hoc|iPhoneSimulator.Deploy.0 = Release|Any CPU
		{D3EB39F5-10B7-49EA-AA40-583CB5B8F491}.Ad-Hoc|x64.ActiveCfg = Release|Any CPU
		{D3EB39F5-10B7-49EA-AA40-583CB5B8F491}.Ad-Hoc|x64.Build.0 = Release|Any CPU
		{D3EB39F5-10B7-49EA-AA40-583CB5B8F491}.Ad-Hoc|x64.Deploy.0 = Release|Any CPU
		{D3EB39F5-10B7-49EA-AA40-583CB5B8F491}.Ad-Hoc|x86.ActiveCfg = Release|Any CPU
		{D3EB39F5-10B7-49EA-AA40-583CB5B8F491}.Ad-Hoc|x86.Build.0 = Release|Any CPU
		{D3EB39F5-10B7-49EA-AA40-583CB5B8F491}.Ad-Hoc|x86.Deploy.0 = Release|Any CPU
		{D3EB39F5-10B7-49EA-AA40-583CB5B8F491}.AppStore|Any CPU.ActiveCfg = Release|Any CPU
		{D3EB39F5-10B7-49EA-AA40-583CB5B8F491}.AppStore|Any CPU.Build.0 = Release|Any CPU
		{D3EB39F5-10B7-49EA-AA40-583CB5B8F491}.AppStore|Any CPU.Deploy.0 = Release|Any CPU
		{D3EB39F5-10B7-49EA-AA40-583CB5B8F491}.AppStore|ARM.ActiveCfg = Release|Any CPU
		{D3EB39F5-10B7-49EA-AA40-583CB5B8F491}.AppStore|ARM.Build.0 = Release|Any CPU
		{D3EB39F5-10B7-49EA-AA40-583CB5B8F491}.AppStore|ARM.Deploy.0 = Release|Any CPU
		{D3EB39F5-10B7-49EA-AA40-583CB5B8F491}.AppStore|iPhone.ActiveCfg = Release|Any CPU
		{D3EB39F5-10B7-49EA-AA40-583CB5B8F491}.AppStore|iPhone.Build.0 = Release|Any CPU
		{D3EB39F5-10B7-49EA-AA40-583CB5B8F491}.AppStore|iPhone.Deploy.0 = Release|Any CPU
		{D3EB39F5-10B7-49EA-AA40-583CB5B8F491}.AppStore|iPhoneSimulator.ActiveCfg = Release|Any CPU
		{D3EB39F5-10B7-49EA-AA40-583CB5B8F491}.AppStore|iPhoneSimulator.Build.0 = Release|Any CPU
		{D3EB39F5-10B7-49EA-AA40-583CB5B8F491}.AppStore|iPhoneSimulator.Deploy.0 = Release|Any CPU
		{D3EB39F5-10B7-49EA-AA40-583CB5B8F491}.AppStore|x64.ActiveCfg = Release|Any CPU
		{D3EB39F5-10B7-49EA-AA40-583CB5B8F491}.AppStore|x64.Build.0 = Release|Any CPU
		{D3EB39F5-10B7-49EA-AA40-583CB5B8F491}.AppStore|x64.Deploy.0 = Release|Any CPU
		{D3EB39F5-10B7-49EA-AA40-583CB5B8F491}.AppStore|x86.ActiveCfg = Release|Any CPU
		{D3EB39F5-10B7-49EA-AA40-583CB5B8F491}.AppStore|x86.Build.0 = Release|Any CPU
		{D3EB39F5-10B7-49EA-AA40-583CB5B8F491}.AppStore|x86.Deploy.0 = Release|Any CPU
		{D3EB39F5-10B7-49EA-AA40-583CB5B8F491}.Debug|Any CPU.ActiveCfg = Debug|Any CPU
		{D3EB39F5-10B7-49EA-AA40-583CB5B8F491}.Debug|Any CPU.Build.0 = Debug|Any CPU
		{D3EB39F5-10B7-49EA-AA40-583CB5B8F491}.Debug|Any CPU.Deploy.0 = Debug|Any CPU
		{D3EB39F5-10B7-49EA-AA40-583CB5B8F491}.Debug|ARM.ActiveCfg = Debug|Any CPU
		{D3EB39F5-10B7-49EA-AA40-583CB5B8F491}.Debug|ARM.Build.0 = Debug|Any CPU
		{D3EB39F5-10B7-49EA-AA40-583CB5B8F491}.Debug|ARM.Deploy.0 = Debug|Any CPU
		{D3EB39F5-10B7-49EA-AA40-583CB5B8F491}.Debug|iPhone.ActiveCfg = Debug|Any CPU
		{D3EB39F5-10B7-49EA-AA40-583CB5B8F491}.Debug|iPhone.Build.0 = Debug|Any CPU
		{D3EB39F5-10B7-49EA-AA40-583CB5B8F491}.Debug|iPhone.Deploy.0 = Debug|Any CPU
		{D3EB39F5-10B7-49EA-AA40-583CB5B8F491}.Debug|iPhoneSimulator.ActiveCfg = Debug|Any CPU
		{D3EB39F5-10B7-49EA-AA40-583CB5B8F491}.Debug|iPhoneSimulator.Build.0 = Debug|Any CPU
		{D3EB39F5-10B7-49EA-AA40-583CB5B8F491}.Debug|iPhoneSimulator.Deploy.0 = Debug|Any CPU
		{D3EB39F5-10B7-49EA-AA40-583CB5B8F491}.Debug|x64.ActiveCfg = Debug|Any CPU
		{D3EB39F5-10B7-49EA-AA40-583CB5B8F491}.Debug|x64.Build.0 = Debug|Any CPU
		{D3EB39F5-10B7-49EA-AA40-583CB5B8F491}.Debug|x64.Deploy.0 = Debug|Any CPU
		{D3EB39F5-10B7-49EA-AA40-583CB5B8F491}.Debug|x86.ActiveCfg = Debug|Any CPU
		{D3EB39F5-10B7-49EA-AA40-583CB5B8F491}.Debug|x86.Build.0 = Debug|Any CPU
		{D3EB39F5-10B7-49EA-AA40-583CB5B8F491}.Debug|x86.Deploy.0 = Debug|Any CPU
		{D3EB39F5-10B7-49EA-AA40-583CB5B8F491}.Release|Any CPU.ActiveCfg = Release|Any CPU
		{D3EB39F5-10B7-49EA-AA40-583CB5B8F491}.Release|Any CPU.Build.0 = Release|Any CPU
		{D3EB39F5-10B7-49EA-AA40-583CB5B8F491}.Release|Any CPU.Deploy.0 = Release|Any CPU
		{D3EB39F5-10B7-49EA-AA40-583CB5B8F491}.Release|ARM.ActiveCfg = Release|Any CPU
		{D3EB39F5-10B7-49EA-AA40-583CB5B8F491}.Release|ARM.Build.0 = Release|Any CPU
		{D3EB39F5-10B7-49EA-AA40-583CB5B8F491}.Release|ARM.Deploy.0 = Release|Any CPU
		{D3EB39F5-10B7-49EA-AA40-583CB5B8F491}.Release|iPhone.ActiveCfg = Release|Any CPU
		{D3EB39F5-10B7-49EA-AA40-583CB5B8F491}.Release|iPhone.Build.0 = Release|Any CPU
		{D3EB39F5-10B7-49EA-AA40-583CB5B8F491}.Release|iPhone.Deploy.0 = Release|Any CPU
		{D3EB39F5-10B7-49EA-AA40-583CB5B8F491}.Release|iPhoneSimulator.ActiveCfg = Release|Any CPU
		{D3EB39F5-10B7-49EA-AA40-583CB5B8F491}.Release|iPhoneSimulator.Build.0 = Release|Any CPU
		{D3EB39F5-10B7-49EA-AA40-583CB5B8F491}.Release|iPhoneSimulator.Deploy.0 = Release|Any CPU
		{D3EB39F5-10B7-49EA-AA40-583CB5B8F491}.Release|x64.ActiveCfg = Release|Any CPU
		{D3EB39F5-10B7-49EA-AA40-583CB5B8F491}.Release|x64.Build.0 = Release|Any CPU
		{D3EB39F5-10B7-49EA-AA40-583CB5B8F491}.Release|x64.Deploy.0 = Release|Any CPU
		{D3EB39F5-10B7-49EA-AA40-583CB5B8F491}.Release|x86.ActiveCfg = Release|Any CPU
		{D3EB39F5-10B7-49EA-AA40-583CB5B8F491}.Release|x86.Build.0 = Release|Any CPU
		{D3EB39F5-10B7-49EA-AA40-583CB5B8F491}.Release|x86.Deploy.0 = Release|Any CPU
		{EFEBBB42-7EA1-4613-982D-B415B4EE58A1}.Ad-Hoc|Any CPU.ActiveCfg = Release|Any CPU
		{EFEBBB42-7EA1-4613-982D-B415B4EE58A1}.Ad-Hoc|Any CPU.Build.0 = Release|Any CPU
		{EFEBBB42-7EA1-4613-982D-B415B4EE58A1}.Ad-Hoc|ARM.ActiveCfg = Release|Any CPU
		{EFEBBB42-7EA1-4613-982D-B415B4EE58A1}.Ad-Hoc|ARM.Build.0 = Release|Any CPU
		{EFEBBB42-7EA1-4613-982D-B415B4EE58A1}.Ad-Hoc|iPhone.ActiveCfg = Release|Any CPU
		{EFEBBB42-7EA1-4613-982D-B415B4EE58A1}.Ad-Hoc|iPhone.Build.0 = Release|Any CPU
		{EFEBBB42-7EA1-4613-982D-B415B4EE58A1}.Ad-Hoc|iPhoneSimulator.ActiveCfg = Release|Any CPU
		{EFEBBB42-7EA1-4613-982D-B415B4EE58A1}.Ad-Hoc|iPhoneSimulator.Build.0 = Release|Any CPU
		{EFEBBB42-7EA1-4613-982D-B415B4EE58A1}.Ad-Hoc|x64.ActiveCfg = Release|Any CPU
		{EFEBBB42-7EA1-4613-982D-B415B4EE58A1}.Ad-Hoc|x64.Build.0 = Release|Any CPU
		{EFEBBB42-7EA1-4613-982D-B415B4EE58A1}.Ad-Hoc|x86.ActiveCfg = Release|Any CPU
		{EFEBBB42-7EA1-4613-982D-B415B4EE58A1}.Ad-Hoc|x86.Build.0 = Release|Any CPU
		{EFEBBB42-7EA1-4613-982D-B415B4EE58A1}.AppStore|Any CPU.ActiveCfg = Release|Any CPU
		{EFEBBB42-7EA1-4613-982D-B415B4EE58A1}.AppStore|Any CPU.Build.0 = Release|Any CPU
		{EFEBBB42-7EA1-4613-982D-B415B4EE58A1}.AppStore|ARM.ActiveCfg = Release|Any CPU
		{EFEBBB42-7EA1-4613-982D-B415B4EE58A1}.AppStore|ARM.Build.0 = Release|Any CPU
		{EFEBBB42-7EA1-4613-982D-B415B4EE58A1}.AppStore|iPhone.ActiveCfg = Release|Any CPU
		{EFEBBB42-7EA1-4613-982D-B415B4EE58A1}.AppStore|iPhone.Build.0 = Release|Any CPU
		{EFEBBB42-7EA1-4613-982D-B415B4EE58A1}.AppStore|iPhoneSimulator.ActiveCfg = Release|Any CPU
		{EFEBBB42-7EA1-4613-982D-B415B4EE58A1}.AppStore|iPhoneSimulator.Build.0 = Release|Any CPU
		{EFEBBB42-7EA1-4613-982D-B415B4EE58A1}.AppStore|x64.ActiveCfg = Release|Any CPU
		{EFEBBB42-7EA1-4613-982D-B415B4EE58A1}.AppStore|x64.Build.0 = Release|Any CPU
		{EFEBBB42-7EA1-4613-982D-B415B4EE58A1}.AppStore|x86.ActiveCfg = Release|Any CPU
		{EFEBBB42-7EA1-4613-982D-B415B4EE58A1}.AppStore|x86.Build.0 = Release|Any CPU
		{EFEBBB42-7EA1-4613-982D-B415B4EE58A1}.Debug|Any CPU.ActiveCfg = Debug|Any CPU
		{EFEBBB42-7EA1-4613-982D-B415B4EE58A1}.Debug|Any CPU.Build.0 = Debug|Any CPU
		{EFEBBB42-7EA1-4613-982D-B415B4EE58A1}.Debug|ARM.ActiveCfg = Debug|Any CPU
		{EFEBBB42-7EA1-4613-982D-B415B4EE58A1}.Debug|ARM.Build.0 = Debug|Any CPU
		{EFEBBB42-7EA1-4613-982D-B415B4EE58A1}.Debug|iPhone.ActiveCfg = Debug|Any CPU
		{EFEBBB42-7EA1-4613-982D-B415B4EE58A1}.Debug|iPhone.Build.0 = Debug|Any CPU
		{EFEBBB42-7EA1-4613-982D-B415B4EE58A1}.Debug|iPhoneSimulator.ActiveCfg = Debug|Any CPU
		{EFEBBB42-7EA1-4613-982D-B415B4EE58A1}.Debug|iPhoneSimulator.Build.0 = Debug|Any CPU
		{EFEBBB42-7EA1-4613-982D-B415B4EE58A1}.Debug|x64.ActiveCfg = Debug|Any CPU
		{EFEBBB42-7EA1-4613-982D-B415B4EE58A1}.Debug|x64.Build.0 = Debug|Any CPU
		{EFEBBB42-7EA1-4613-982D-B415B4EE58A1}.Debug|x86.ActiveCfg = Debug|Any CPU
		{EFEBBB42-7EA1-4613-982D-B415B4EE58A1}.Debug|x86.Build.0 = Debug|Any CPU
		{EFEBBB42-7EA1-4613-982D-B415B4EE58A1}.Release|Any CPU.ActiveCfg = Release|Any CPU
		{EFEBBB42-7EA1-4613-982D-B415B4EE58A1}.Release|Any CPU.Build.0 = Release|Any CPU
		{EFEBBB42-7EA1-4613-982D-B415B4EE58A1}.Release|ARM.ActiveCfg = Release|Any CPU
		{EFEBBB42-7EA1-4613-982D-B415B4EE58A1}.Release|ARM.Build.0 = Release|Any CPU
		{EFEBBB42-7EA1-4613-982D-B415B4EE58A1}.Release|iPhone.ActiveCfg = Release|Any CPU
		{EFEBBB42-7EA1-4613-982D-B415B4EE58A1}.Release|iPhone.Build.0 = Release|Any CPU
		{EFEBBB42-7EA1-4613-982D-B415B4EE58A1}.Release|iPhoneSimulator.ActiveCfg = Release|Any CPU
		{EFEBBB42-7EA1-4613-982D-B415B4EE58A1}.Release|iPhoneSimulator.Build.0 = Release|Any CPU
		{EFEBBB42-7EA1-4613-982D-B415B4EE58A1}.Release|x64.ActiveCfg = Release|Any CPU
		{EFEBBB42-7EA1-4613-982D-B415B4EE58A1}.Release|x64.Build.0 = Release|Any CPU
		{EFEBBB42-7EA1-4613-982D-B415B4EE58A1}.Release|x86.ActiveCfg = Release|Any CPU
		{EFEBBB42-7EA1-4613-982D-B415B4EE58A1}.Release|x86.Build.0 = Release|Any CPU
		{48AC87C5-F342-4624-BC60-301729022B68}.Ad-Hoc|Any CPU.ActiveCfg = Release|x86
		{48AC87C5-F342-4624-BC60-301729022B68}.Ad-Hoc|Any CPU.Build.0 = Release|x86
		{48AC87C5-F342-4624-BC60-301729022B68}.Ad-Hoc|Any CPU.Deploy.0 = Release|x86
		{48AC87C5-F342-4624-BC60-301729022B68}.Ad-Hoc|ARM.ActiveCfg = Release|ARM
		{48AC87C5-F342-4624-BC60-301729022B68}.Ad-Hoc|ARM.Build.0 = Release|ARM
		{48AC87C5-F342-4624-BC60-301729022B68}.Ad-Hoc|ARM.Deploy.0 = Release|ARM
		{48AC87C5-F342-4624-BC60-301729022B68}.Ad-Hoc|iPhone.ActiveCfg = Release|x86
		{48AC87C5-F342-4624-BC60-301729022B68}.Ad-Hoc|iPhone.Build.0 = Release|x86
		{48AC87C5-F342-4624-BC60-301729022B68}.Ad-Hoc|iPhone.Deploy.0 = Release|x86
		{48AC87C5-F342-4624-BC60-301729022B68}.Ad-Hoc|iPhoneSimulator.ActiveCfg = Release|x86
		{48AC87C5-F342-4624-BC60-301729022B68}.Ad-Hoc|iPhoneSimulator.Build.0 = Release|x86
		{48AC87C5-F342-4624-BC60-301729022B68}.Ad-Hoc|iPhoneSimulator.Deploy.0 = Release|x86
		{48AC87C5-F342-4624-BC60-301729022B68}.Ad-Hoc|x64.ActiveCfg = Release|x64
		{48AC87C5-F342-4624-BC60-301729022B68}.Ad-Hoc|x64.Build.0 = Release|x64
		{48AC87C5-F342-4624-BC60-301729022B68}.Ad-Hoc|x64.Deploy.0 = Release|x64
		{48AC87C5-F342-4624-BC60-301729022B68}.Ad-Hoc|x86.ActiveCfg = Release|x86
		{48AC87C5-F342-4624-BC60-301729022B68}.Ad-Hoc|x86.Build.0 = Release|x86
		{48AC87C5-F342-4624-BC60-301729022B68}.Ad-Hoc|x86.Deploy.0 = Release|x86
		{48AC87C5-F342-4624-BC60-301729022B68}.AppStore|Any CPU.ActiveCfg = Release|x86
		{48AC87C5-F342-4624-BC60-301729022B68}.AppStore|Any CPU.Build.0 = Release|x86
		{48AC87C5-F342-4624-BC60-301729022B68}.AppStore|Any CPU.Deploy.0 = Release|x86
		{48AC87C5-F342-4624-BC60-301729022B68}.AppStore|ARM.ActiveCfg = Release|ARM
		{48AC87C5-F342-4624-BC60-301729022B68}.AppStore|ARM.Build.0 = Release|ARM
		{48AC87C5-F342-4624-BC60-301729022B68}.AppStore|ARM.Deploy.0 = Release|ARM
		{48AC87C5-F342-4624-BC60-301729022B68}.AppStore|iPhone.ActiveCfg = Release|x86
		{48AC87C5-F342-4624-BC60-301729022B68}.AppStore|iPhone.Build.0 = Release|x86
		{48AC87C5-F342-4624-BC60-301729022B68}.AppStore|iPhone.Deploy.0 = Release|x86
		{48AC87C5-F342-4624-BC60-301729022B68}.AppStore|iPhoneSimulator.ActiveCfg = Release|x86
		{48AC87C5-F342-4624-BC60-301729022B68}.AppStore|iPhoneSimulator.Build.0 = Release|x86
		{48AC87C5-F342-4624-BC60-301729022B68}.AppStore|iPhoneSimulator.Deploy.0 = Release|x86
		{48AC87C5-F342-4624-BC60-301729022B68}.AppStore|x64.ActiveCfg = Release|x64
		{48AC87C5-F342-4624-BC60-301729022B68}.AppStore|x64.Build.0 = Release|x64
		{48AC87C5-F342-4624-BC60-301729022B68}.AppStore|x64.Deploy.0 = Release|x64
		{48AC87C5-F342-4624-BC60-301729022B68}.AppStore|x86.ActiveCfg = Release|x86
		{48AC87C5-F342-4624-BC60-301729022B68}.AppStore|x86.Build.0 = Release|x86
		{48AC87C5-F342-4624-BC60-301729022B68}.AppStore|x86.Deploy.0 = Release|x86
		{48AC87C5-F342-4624-BC60-301729022B68}.Debug|Any CPU.ActiveCfg = Debug|x86
		{48AC87C5-F342-4624-BC60-301729022B68}.Debug|ARM.ActiveCfg = Debug|ARM
		{48AC87C5-F342-4624-BC60-301729022B68}.Debug|ARM.Build.0 = Debug|ARM
		{48AC87C5-F342-4624-BC60-301729022B68}.Debug|ARM.Deploy.0 = Debug|ARM
		{48AC87C5-F342-4624-BC60-301729022B68}.Debug|iPhone.ActiveCfg = Debug|x86
		{48AC87C5-F342-4624-BC60-301729022B68}.Debug|iPhoneSimulator.ActiveCfg = Debug|x86
		{48AC87C5-F342-4624-BC60-301729022B68}.Debug|x64.ActiveCfg = Debug|x64
		{48AC87C5-F342-4624-BC60-301729022B68}.Debug|x64.Build.0 = Debug|x64
		{48AC87C5-F342-4624-BC60-301729022B68}.Debug|x64.Deploy.0 = Debug|x64
		{48AC87C5-F342-4624-BC60-301729022B68}.Debug|x86.ActiveCfg = Debug|x86
		{48AC87C5-F342-4624-BC60-301729022B68}.Debug|x86.Build.0 = Debug|x86
		{48AC87C5-F342-4624-BC60-301729022B68}.Debug|x86.Deploy.0 = Debug|x86
		{48AC87C5-F342-4624-BC60-301729022B68}.Release|Any CPU.ActiveCfg = Release|x86
		{48AC87C5-F342-4624-BC60-301729022B68}.Release|ARM.ActiveCfg = Release|ARM
		{48AC87C5-F342-4624-BC60-301729022B68}.Release|ARM.Build.0 = Release|ARM
		{48AC87C5-F342-4624-BC60-301729022B68}.Release|ARM.Deploy.0 = Release|ARM
		{48AC87C5-F342-4624-BC60-301729022B68}.Release|iPhone.ActiveCfg = Release|x86
		{48AC87C5-F342-4624-BC60-301729022B68}.Release|iPhoneSimulator.ActiveCfg = Release|x86
		{48AC87C5-F342-4624-BC60-301729022B68}.Release|x64.ActiveCfg = Release|x64
		{48AC87C5-F342-4624-BC60-301729022B68}.Release|x64.Build.0 = Release|x64
		{48AC87C5-F342-4624-BC60-301729022B68}.Release|x64.Deploy.0 = Release|x64
		{48AC87C5-F342-4624-BC60-301729022B68}.Release|x86.ActiveCfg = Release|x86
		{48AC87C5-F342-4624-BC60-301729022B68}.Release|x86.Build.0 = Release|x86
		{48AC87C5-F342-4624-BC60-301729022B68}.Release|x86.Deploy.0 = Release|x86
		{DBE40D74-BA62-49EA-A7B8-1517B376CA9D}.Ad-Hoc|Any CPU.ActiveCfg = Ad-Hoc|iPhoneSimulator
		{DBE40D74-BA62-49EA-A7B8-1517B376CA9D}.Ad-Hoc|ARM.ActiveCfg = Ad-Hoc|iPhone
		{DBE40D74-BA62-49EA-A7B8-1517B376CA9D}.Ad-Hoc|iPhone.ActiveCfg = Ad-Hoc|iPhone
		{DBE40D74-BA62-49EA-A7B8-1517B376CA9D}.Ad-Hoc|iPhone.Build.0 = Ad-Hoc|iPhone
		{DBE40D74-BA62-49EA-A7B8-1517B376CA9D}.Ad-Hoc|iPhoneSimulator.ActiveCfg = Ad-Hoc|iPhoneSimulator
		{DBE40D74-BA62-49EA-A7B8-1517B376CA9D}.Ad-Hoc|iPhoneSimulator.Build.0 = Ad-Hoc|iPhoneSimulator
		{DBE40D74-BA62-49EA-A7B8-1517B376CA9D}.Ad-Hoc|x64.ActiveCfg = Ad-Hoc|iPhone
		{DBE40D74-BA62-49EA-A7B8-1517B376CA9D}.Ad-Hoc|x86.ActiveCfg = Ad-Hoc|iPhone
		{DBE40D74-BA62-49EA-A7B8-1517B376CA9D}.AppStore|Any CPU.ActiveCfg = AppStore|iPhoneSimulator
		{DBE40D74-BA62-49EA-A7B8-1517B376CA9D}.AppStore|ARM.ActiveCfg = AppStore|iPhone
		{DBE40D74-BA62-49EA-A7B8-1517B376CA9D}.AppStore|iPhone.ActiveCfg = AppStore|iPhone
		{DBE40D74-BA62-49EA-A7B8-1517B376CA9D}.AppStore|iPhone.Build.0 = AppStore|iPhone
		{DBE40D74-BA62-49EA-A7B8-1517B376CA9D}.AppStore|iPhoneSimulator.ActiveCfg = AppStore|iPhoneSimulator
		{DBE40D74-BA62-49EA-A7B8-1517B376CA9D}.AppStore|iPhoneSimulator.Build.0 = AppStore|iPhoneSimulator
		{DBE40D74-BA62-49EA-A7B8-1517B376CA9D}.AppStore|x64.ActiveCfg = AppStore|iPhone
		{DBE40D74-BA62-49EA-A7B8-1517B376CA9D}.AppStore|x86.ActiveCfg = AppStore|iPhone
		{DBE40D74-BA62-49EA-A7B8-1517B376CA9D}.Debug|Any CPU.ActiveCfg = Debug|iPhoneSimulator
		{DBE40D74-BA62-49EA-A7B8-1517B376CA9D}.Debug|ARM.ActiveCfg = Debug|iPhone
		{DBE40D74-BA62-49EA-A7B8-1517B376CA9D}.Debug|iPhone.ActiveCfg = Debug|iPhone
		{DBE40D74-BA62-49EA-A7B8-1517B376CA9D}.Debug|iPhone.Build.0 = Debug|iPhone
		{DBE40D74-BA62-49EA-A7B8-1517B376CA9D}.Debug|iPhoneSimulator.ActiveCfg = Debug|iPhoneSimulator
		{DBE40D74-BA62-49EA-A7B8-1517B376CA9D}.Debug|iPhoneSimulator.Build.0 = Debug|iPhoneSimulator
		{DBE40D74-BA62-49EA-A7B8-1517B376CA9D}.Debug|x64.ActiveCfg = Debug|iPhone
		{DBE40D74-BA62-49EA-A7B8-1517B376CA9D}.Debug|x86.ActiveCfg = Debug|iPhone
		{DBE40D74-BA62-49EA-A7B8-1517B376CA9D}.Release|Any CPU.ActiveCfg = Release|iPhoneSimulator
		{DBE40D74-BA62-49EA-A7B8-1517B376CA9D}.Release|ARM.ActiveCfg = Release|iPhone
		{DBE40D74-BA62-49EA-A7B8-1517B376CA9D}.Release|iPhone.ActiveCfg = Release|iPhone
		{DBE40D74-BA62-49EA-A7B8-1517B376CA9D}.Release|iPhone.Build.0 = Release|iPhone
		{DBE40D74-BA62-49EA-A7B8-1517B376CA9D}.Release|iPhoneSimulator.ActiveCfg = Release|iPhoneSimulator
		{DBE40D74-BA62-49EA-A7B8-1517B376CA9D}.Release|iPhoneSimulator.Build.0 = Release|iPhoneSimulator
		{DBE40D74-BA62-49EA-A7B8-1517B376CA9D}.Release|x64.ActiveCfg = Release|iPhone
		{DBE40D74-BA62-49EA-A7B8-1517B376CA9D}.Release|x86.ActiveCfg = Release|iPhone
	EndGlobalSection
	GlobalSection(SolutionProperties) = preSolution
		HideSolutionNode = FALSE
	EndGlobalSection
	GlobalSection(ExtensibilityGlobals) = postSolution
		SolutionGuid = {1E23BBE9-5BBC-4A6A-9F92-66F1E7324713}
	EndGlobalSection
EndGlobal
